
Microsoft Visual Studio Solution File, Format Version 12.00
# Visual Studio Version 17
VisualStudioVersion = 17.7.34202.233
MinimumVisualStudioVersion = 10.0.40219.1
Project("{9A19103F-16F7-4668-BE54-9A1E7A4F7556}") = "Strings", "Algorithms\Strings.csproj", "{B64524C0-FEF2-4C74-B1A7-068F5CF2C69C}"
EndProject
Project("{9A19103F-16F7-4668-BE54-9A1E7A4F7556}") = "ArrayAlgorithms", "ArrayAlgorithms\ArrayAlgorithms.csproj", "{F8ABBD7C-AAD4-4923-89A5-7D489C22A56F}"
EndProject
Project("{9A19103F-16F7-4668-BE54-9A1E7A4F7556}") = "Linked List", "Linked List\Linked List.csproj", "{00A0EC90-9D96-492F-ADA2-766F0AFD42C1}"
EndProject
Project("{FAE04EC0-301F-11D3-BF4B-00C04F79EFBC}") = "Queues and stacks", "Queues and stacks\Queues and stacks.csproj", "{FDD4E7CB-F0DF-443B-A7EC-A6756495969D}"
EndProject
Global
	GlobalSection(SolutionConfigurationPlatforms) = preSolution
		Debug|Any CPU = Debug|Any CPU
		Release|Any CPU = Release|Any CPU
	EndGlobalSection
	GlobalSection(ProjectConfigurationPlatforms) = postSolution
		{B64524C0-FEF2-4C74-B1A7-068F5CF2C69C}.Debug|Any CPU.ActiveCfg = Debug|Any CPU
		{B64524C0-FEF2-4C74-B1A7-068F5CF2C69C}.Debug|Any CPU.Build.0 = Debug|Any CPU
		{B64524C0-FEF2-4C74-B1A7-068F5CF2C69C}.Release|Any CPU.ActiveCfg = Release|Any CPU
		{B64524C0-FEF2-4C74-B1A7-068F5CF2C69C}.Release|Any CPU.Build.0 = Release|Any CPU
		{F8ABBD7C-AAD4-4923-89A5-7D489C22A56F}.Debug|Any CPU.ActiveCfg = Debug|Any CPU
		{F8ABBD7C-AAD4-4923-89A5-7D489C22A56F}.Debug|Any CPU.Build.0 = Debug|Any CPU
		{F8ABBD7C-AAD4-4923-89A5-7D489C22A56F}.Release|Any CPU.ActiveCfg = Release|Any CPU
		{F8ABBD7C-AAD4-4923-89A5-7D489C22A56F}.Release|Any CPU.Build.0 = Release|Any CPU
		{00A0EC90-9D96-492F-ADA2-766F0AFD42C1}.Debug|Any CPU.ActiveCfg = Debug|Any CPU
		{00A0EC90-9D96-492F-ADA2-766F0AFD42C1}.Debug|Any CPU.Build.0 = Debug|Any CPU
		{00A0EC90-9D96-492F-ADA2-766F0AFD42C1}.Release|Any CPU.ActiveCfg = Release|Any CPU
		{00A0EC90-9D96-492F-ADA2-766F0AFD42C1}.Release|Any CPU.Build.0 = Release|Any CPU
		{FDD4E7CB-F0DF-443B-A7EC-A6756495969D}.Debug|Any CPU.ActiveCfg = Debug|Any CPU
		{FDD4E7CB-F0DF-443B-A7EC-A6756495969D}.Debug|Any CPU.Build.0 = Debug|Any CPU
		{FDD4E7CB-F0DF-443B-A7EC-A6756495969D}.Release|Any CPU.ActiveCfg = Release|Any CPU
		{FDD4E7CB-F0DF-443B-A7EC-A6756495969D}.Release|Any CPU.Build.0 = Release|Any CPU
	EndGlobalSection
	GlobalSection(SolutionProperties) = preSolution
		HideSolutionNode = FALSE
	EndGlobalSection
	GlobalSection(ExtensibilityGlobals) = postSolution
		SolutionGuid = {5FB06BB5-5C4F-41BD-8CDB-FA679B6B44AA}
	EndGlobalSection
EndGlobal
